
Microsoft Visual Studio Solution File, Format Version 12.00
# Visual Studio 15
VisualStudioVersion = 15.0.27703.2035
MinimumVisualStudioVersion = 10.0.40219.1
Project("{2150E333-8FDC-42A3-9474-1A3956D46DE8}") = "src", "src", "{517CEBDE-CFB5-4BE0-BB42-DE114A26ECB2}"
EndProject
Project("{9A19103F-16F7-4668-BE54-9A1E7A4F7556}") = "NeFgUI", "NeFgUI\NeFgUI\NeFgUI.csproj", "{9AD28D1A-0CD2-4AB4-8485-F78958EE275E}"
EndProject
Project("{9A19103F-16F7-4668-BE54-9A1E7A4F7556}") = "DAL", "NeFgUI\DAL\DAL.csproj", "{53C89152-3B16-4723-97C7-1CC49DE45A22}"
EndProject
Project("{9A19103F-16F7-4668-BE54-9A1E7A4F7556}") = "NEFGLibrary", "..\NEFGLibrary\NEFGLibrary\NEFGLibrary.csproj", "{7B3BFB90-E8DA-49F4-B5B3-687F9BC12573}"
EndProject
Global
	GlobalSection(SolutionConfigurationPlatforms) = preSolution
		Debug|Any CPU = Debug|Any CPU
		Release|Any CPU = Release|Any CPU
	EndGlobalSection
	GlobalSection(ProjectConfigurationPlatforms) = postSolution
		{9AD28D1A-0CD2-4AB4-8485-F78958EE275E}.Debug|Any CPU.ActiveCfg = Debug|Any CPU
		{9AD28D1A-0CD2-4AB4-8485-F78958EE275E}.Debug|Any CPU.Build.0 = Debug|Any CPU
		{9AD28D1A-0CD2-4AB4-8485-F78958EE275E}.Release|Any CPU.ActiveCfg = Release|Any CPU
		{9AD28D1A-0CD2-4AB4-8485-F78958EE275E}.Release|Any CPU.Build.0 = Release|Any CPU
		{53C89152-3B16-4723-97C7-1CC49DE45A22}.Debug|Any CPU.ActiveCfg = Debug|Any CPU
		{53C89152-3B16-4723-97C7-1CC49DE45A22}.Debug|Any CPU.Build.0 = Debug|Any CPU
		{53C89152-3B16-4723-97C7-1CC49DE45A22}.Release|Any CPU.ActiveCfg = Release|Any CPU
		{53C89152-3B16-4723-97C7-1CC49DE45A22}.Release|Any CPU.Build.0 = Release|Any CPU
		{7B3BFB90-E8DA-49F4-B5B3-687F9BC12573}.Debug|Any CPU.ActiveCfg = Debug|Any CPU
		{7B3BFB90-E8DA-49F4-B5B3-687F9BC12573}.Debug|Any CPU.Build.0 = Debug|Any CPU
		{7B3BFB90-E8DA-49F4-B5B3-687F9BC12573}.Release|Any CPU.ActiveCfg = Release|Any CPU
		{7B3BFB90-E8DA-49F4-B5B3-687F9BC12573}.Release|Any CPU.Build.0 = Release|Any CPU
	EndGlobalSection
	GlobalSection(SolutionProperties) = preSolution
		HideSolutionNode = FALSE
	EndGlobalSection
	GlobalSection(NestedProjects) = preSolution
		{9AD28D1A-0CD2-4AB4-8485-F78958EE275E} = {517CEBDE-CFB5-4BE0-BB42-DE114A26ECB2}
		{53C89152-3B16-4723-97C7-1CC49DE45A22} = {517CEBDE-CFB5-4BE0-BB42-DE114A26ECB2}
		{7B3BFB90-E8DA-49F4-B5B3-687F9BC12573} = {517CEBDE-CFB5-4BE0-BB42-DE114A26ECB2}
	EndGlobalSection
	GlobalSection(ExtensibilityGlobals) = postSolution
		SolutionGuid = {49A564A4-C077-4130-9F46-647D012D4B70}
	EndGlobalSection
EndGlobal
